
Microsoft Visual Studio Solution File, Format Version 12.00
# Visual Studio Version 17
VisualStudioVersion = 17.0.31903.59
MinimumVisualStudioVersion = 10.0.40219.1
Project("{2150E333-8FDC-42A3-9474-1A3956D46DE8}") = "src", "src", "{9D5E47E5-F378-4675-88FD-456C5A1257B6}"
EndProject
Project("{2150E333-8FDC-42A3-9474-1A3956D46DE8}") = "Core", "Core", "{76C1F239-782B-4BC9-8128-AA951812D4F9}"
EndProject
Project("{FAE04EC0-301F-11D3-BF4B-00C04F79EFBC}") = "Application", "src\Core\Application\Application.csproj", "{602D18FB-A9A2-481C-82A5-A8D534009485}"
EndProject
Project("{FAE04EC0-301F-11D3-BF4B-00C04F79EFBC}") = "Domain", "src\Core\Domain\Domain.csproj", "{CE92CC0E-0DAE-4457-8241-ECEAA85965C1}"
EndProject
Project("{2150E333-8FDC-42A3-9474-1A3956D46DE8}") = "External", "External", "{26AE3EB8-266F-4BAD-98D1-F520DA1FFF85}"
EndProject
Project("{FAE04EC0-301F-11D3-BF4B-00C04F79EFBC}") = "Infrastructure", "src\External\Infrastructure\Infrastructure.csproj", "{2BDA3486-8D3C-4119-80E2-04DA7EA8FB1F}"
EndProject
Project("{FAE04EC0-301F-11D3-BF4B-00C04F79EFBC}") = "Presentation", "src\External\Presentation\Presentation.csproj", "{35D7DB53-EEAB-4A0C-8131-EEC3CA56FE54}"
EndProject
Project("{FAE04EC0-301F-11D3-BF4B-00C04F79EFBC}") = "Test", "src\Test\Test.csproj", "{D0CEA9D1-778B-4481-B365-0796AEC6DFB4}"
EndProject
Global
	GlobalSection(SolutionConfigurationPlatforms) = preSolution
		Debug|Any CPU = Debug|Any CPU
		Release|Any CPU = Release|Any CPU
	EndGlobalSection
	GlobalSection(SolutionProperties) = preSolution
		HideSolutionNode = FALSE
	EndGlobalSection
	GlobalSection(ProjectConfigurationPlatforms) = postSolution
		{602D18FB-A9A2-481C-82A5-A8D534009485}.Debug|Any CPU.ActiveCfg = Debug|Any CPU
		{602D18FB-A9A2-481C-82A5-A8D534009485}.Debug|Any CPU.Build.0 = Debug|Any CPU
		{602D18FB-A9A2-481C-82A5-A8D534009485}.Release|Any CPU.ActiveCfg = Release|Any CPU
		{602D18FB-A9A2-481C-82A5-A8D534009485}.Release|Any CPU.Build.0 = Release|Any CPU
		{CE92CC0E-0DAE-4457-8241-ECEAA85965C1}.Debug|Any CPU.ActiveCfg = Debug|Any CPU
		{CE92CC0E-0DAE-4457-8241-ECEAA85965C1}.Debug|Any CPU.Build.0 = Debug|Any CPU
		{CE92CC0E-0DAE-4457-8241-ECEAA85965C1}.Release|Any CPU.ActiveCfg = Release|Any CPU
		{CE92CC0E-0DAE-4457-8241-ECEAA85965C1}.Release|Any CPU.Build.0 = Release|Any CPU
		{2BDA3486-8D3C-4119-80E2-04DA7EA8FB1F}.Debug|Any CPU.ActiveCfg = Debug|Any CPU
		{2BDA3486-8D3C-4119-80E2-04DA7EA8FB1F}.Debug|Any CPU.Build.0 = Debug|Any CPU
		{2BDA3486-8D3C-4119-80E2-04DA7EA8FB1F}.Release|Any CPU.ActiveCfg = Release|Any CPU
		{2BDA3486-8D3C-4119-80E2-04DA7EA8FB1F}.Release|Any CPU.Build.0 = Release|Any CPU
		{35D7DB53-EEAB-4A0C-8131-EEC3CA56FE54}.Debug|Any CPU.ActiveCfg = Debug|Any CPU
		{35D7DB53-EEAB-4A0C-8131-EEC3CA56FE54}.Debug|Any CPU.Build.0 = Debug|Any CPU
		{35D7DB53-EEAB-4A0C-8131-EEC3CA56FE54}.Release|Any CPU.ActiveCfg = Release|Any CPU
		{35D7DB53-EEAB-4A0C-8131-EEC3CA56FE54}.Release|Any CPU.Build.0 = Release|Any CPU
		{7390EF45-4F22-42F2-8DA1-882F2072A422}.Debug|Any CPU.ActiveCfg = Debug|Any CPU
		{7390EF45-4F22-42F2-8DA1-882F2072A422}.Debug|Any CPU.Build.0 = Debug|Any CPU
		{7390EF45-4F22-42F2-8DA1-882F2072A422}.Release|Any CPU.ActiveCfg = Release|Any CPU
		{7390EF45-4F22-42F2-8DA1-882F2072A422}.Release|Any CPU.Build.0 = Release|Any CPU
		{D0CEA9D1-778B-4481-B365-0796AEC6DFB4}.Debug|Any CPU.ActiveCfg = Debug|Any CPU
		{D0CEA9D1-778B-4481-B365-0796AEC6DFB4}.Debug|Any CPU.Build.0 = Debug|Any CPU
		{D0CEA9D1-778B-4481-B365-0796AEC6DFB4}.Release|Any CPU.ActiveCfg = Release|Any CPU
		{D0CEA9D1-778B-4481-B365-0796AEC6DFB4}.Release|Any CPU.Build.0 = Release|Any CPU
	EndGlobalSection
	GlobalSection(NestedProjects) = preSolution
		{76C1F239-782B-4BC9-8128-AA951812D4F9} = {9D5E47E5-F378-4675-88FD-456C5A1257B6}
		{602D18FB-A9A2-481C-82A5-A8D534009485} = {76C1F239-782B-4BC9-8128-AA951812D4F9}
		{CE92CC0E-0DAE-4457-8241-ECEAA85965C1} = {76C1F239-782B-4BC9-8128-AA951812D4F9}
		{26AE3EB8-266F-4BAD-98D1-F520DA1FFF85} = {9D5E47E5-F378-4675-88FD-456C5A1257B6}
		{2BDA3486-8D3C-4119-80E2-04DA7EA8FB1F} = {26AE3EB8-266F-4BAD-98D1-F520DA1FFF85}
		{35D7DB53-EEAB-4A0C-8131-EEC3CA56FE54} = {26AE3EB8-266F-4BAD-98D1-F520DA1FFF85}
		{D0CEA9D1-778B-4481-B365-0796AEC6DFB4} = {9D5E47E5-F378-4675-88FD-456C5A1257B6}
	EndGlobalSection
EndGlobal
